<?xml version="1.0" encoding="utf-8"?>
<Project ToolsVersion="4.0" xmlns="http://schemas.microsoft.com/developer/msbuild/2003">
  <ItemGroup>
    <Filter Include="Headers">
      <UniqueIdentifier>{8e115a89-5f37-4a25-b3a1-6e3bf37bca24}</UniqueIdentifier>
    </Filter>
    <Filter Include="Sources">
      <UniqueIdentifier>{7c33c752-e0d5-459c-9430-c6cb1414b2b3}</UniqueIdentifier>
    </Filter>
    <Filter Include="Headers\ImGui">
      <UniqueIdentifier>{b32b6d04-75b8-4f84-b114-101783ee41f4}</UniqueIdentifier>
    </Filter>
    <Filter Include="Sources\ImGui">
      <UniqueIdentifier>{f78985a4-796b-4230-8166-b9fc70c38c0b}</UniqueIdentifier>
    </Filter>
  </ItemGroup>
  <ItemGroup>
    <ClInclude Include="Headers\Autowall.h">
      <Filter>Headers</Filter>
    </ClInclude>
    <ClInclude Include="Headers\Classes.h">
      <Filter>Headers</Filter>
    </ClInclude>
    <ClInclude Include="Headers\CVars.h">
      <Filter>Headers</Filter>
    </ClInclude>
    <ClInclude Include="Headers\Drawing.h">
      <Filter>Headers</Filter>
    </ClInclude>
    <ClInclude Include="Headers\Engine.h">
      <Filter>Headers</Filter>
    </ClInclude>
    <ClInclude Include="Headers\Entity.h">
      <Filter>Headers</Filter>
    </ClInclude>
    <ClInclude Include="Headers\Hook.h">
      <Filter>Headers</Filter>
    </ClInclude>
    <ClInclude Include="Headers\Offsets.h">
      <Filter>Headers</Filter>
    </ClInclude>
    <ClInclude Include="Headers\Radar.h">
      <Filter>Headers</Filter>
    </ClInclude>
    <ClInclude Include="Headers\Sounds.h">
      <Filter>Headers</Filter>
    </ClInclude>
    <ClInclude Include="Headers\stdafx.h">
      <Filter>Headers</Filter>
    </ClInclude>
    <ClInclude Include="Headers\Mathlib.h">
      <Filter>Headers</Filter>
    </ClInclude>
    <ClInclude Include="Headers\Vmthook.h">
      <Filter>Headers</Filter>
    </ClInclude>
    <ClInclude Include="Headers\D3d.h">
      <Filter>Headers</Filter>
    </ClInclude>
    <ClInclude Include="Headers\DynImports.h">
      <Filter>Headers</Filter>
    </ClInclude>
    <ClInclude Include="Headers\ImGui\imgui.h">
      <Filter>Headers\ImGui</Filter>
    </ClInclude>
    <ClInclude Include="Headers\ImGui\imgui_internal.h">
      <Filter>Headers\ImGui</Filter>
    </ClInclude>
    <ClInclude Include="Headers\ImGui\stb_rect_pack.h">
      <Filter>Headers\ImGui</Filter>
    </ClInclude>
    <ClInclude Include="Headers\ImGui\stb_textedit.h">
      <Filter>Headers\ImGui</Filter>
    </ClInclude>
    <ClInclude Include="Headers\ImGui\stb_truetype.h">
      <Filter>Headers\ImGui</Filter>
    </ClInclude>
    <ClInclude Include="Headers\ImGui\imgui_impl_dx9.h">
      <Filter>Headers\ImGui</Filter>
    </ClInclude>
    <ClInclude Include="Headers\ImGUI\addons\imgui_user.h">
      <Filter>Headers\ImGui</Filter>
    </ClInclude>
    <ClInclude Include="Headers\EndFrame.h">
      <Filter>Headers</Filter>
    </ClInclude>
    <ClInclude Include="Headers\WritePackets.h">
      <Filter>Headers</Filter>
    </ClInclude>
    <ClInclude Include="Headers\Aim.h">
      <Filter>Headers</Filter>
    </ClInclude>
    <ClInclude Include="Headers\MTRand.h">
      <Filter>Headers</Filter>
    </ClInclude>
    <ClInclude Include="Headers\Nospread.h">
      <Filter>Headers</Filter>
    </ClInclude>
    <ClInclude Include="Headers\KillSpam.h">
      <Filter>Headers</Filter>
    </ClInclude>
    <ClInclude Include="Headers\ImGUI\imconfig.h">
      <Filter>Headers\ImGui</Filter>
    </ClInclude>
    <ClInclude Include="Headers\ImGUI\imgui_impl_win32.h">
      <Filter>Headers\ImGui</Filter>
    </ClInclude>
    <ClInclude Include="Headers\ImGUI\imgui_stdlib.h">
      <Filter>Headers\ImGui</Filter>
    </ClInclude>
    <ClInclude Include="Headers\ImGUI\imgui_user.h">
      <Filter>Headers\ImGui</Filter>
    </ClInclude>
    <ClInclude Include="Headers\ImGUI\imstb_rectpack.h">
      <Filter>Headers\ImGui</Filter>
    </ClInclude>
    <ClInclude Include="Headers\ImGUI\imstb_textedit.h">
      <Filter>Headers\ImGui</Filter>
    </ClInclude>
    <ClInclude Include="Headers\ImGUI\imstb_truetype.h">
      <Filter>Headers\ImGui</Filter>
    </ClInclude>
    <ClInclude Include="Headers\Host.h">
      <Filter>Headers</Filter>
    </ClInclude>
    <ClInclude Include="Headers\Bots.h">
      <Filter>Headers</Filter>
    </ClInclude>
  </ItemGroup>
  <ItemGroup>
    <ClCompile Include="Sources\Autowall.cpp">
      <Filter>Sources</Filter>
    </ClCompile>
    <ClCompile Include="Sources\Cvars.cpp">
      <Filter>Sources</Filter>
    </ClCompile>
    <ClCompile Include="Sources\dllmain.cpp">
      <Filter>Sources</Filter>
    </ClCompile>
    <ClCompile Include="Sources\Drawing.cpp">
      <Filter>Sources</Filter>
    </ClCompile>
    <ClCompile Include="Sources\Engine.cpp">
      <Filter>Sources</Filter>
    </ClCompile>
    <ClCompile Include="Sources\Entity.cpp">
      <Filter>Sources</Filter>
    </ClCompile>
    <ClCompile Include="Sources\Hook.cpp">
      <Filter>Sources</Filter>
    </ClCompile>
    <ClCompile Include="Sources\Offsets.cpp">
      <Filter>Sources</Filter>
    </ClCompile>
    <ClCompile Include="Sources\Radar.cpp">
      <Filter>Sources</Filter>
    </ClCompile>
    <ClCompile Include="Sources\Sounds.cpp">
      <Filter>Sources</Filter>
    </ClCompile>
    <ClCompile Include="Sources\Mathlib.cpp">
      <Filter>Sources</Filter>
    </ClCompile>
    <ClCompile Include="Sources\D3d.cpp">
      <Filter>Sources</Filter>
    </ClCompile>
    <ClCompile Include="Sources\DynImports.cpp">
      <Filter>Sources</Filter>
    </ClCompile>
    <ClCompile Include="Sources\ImGui\imgui.cpp">
      <Filter>Sources\ImGui</Filter>
    </ClCompile>
    <ClCompile Include="Sources\ImGui\imgui_draw.cpp">
      <Filter>Sources\ImGui</Filter>
    </ClCompile>
    <ClCompile Include="Sources\ImGui\imgui_impl_dx9.cpp">
      <Filter>Sources\ImGui</Filter>
    </ClCompile>
    <ClCompile Include="Headers\ImGUI\addons\imguitabwindow\imguitabwindow.cpp">
      <Filter>Sources\ImGui</Filter>
    </ClCompile>
    <ClCompile Include="Headers\ImGUI\addons\imguivariouscontrols\imguivariouscontrols.cpp">
      <Filter>Sources\ImGui</Filter>
    </ClCompile>
    <ClCompile Include="Sources\EndFrame.cpp">
      <Filter>Sources</Filter>
    </ClCompile>
    <ClCompile Include="Sources\WritePackets.cpp">
      <Filter>Sources</Filter>
    </ClCompile>
    <ClCompile Include="Sources\Aim.cpp">
      <Filter>Sources</Filter>
    </ClCompile>
    <ClCompile Include="Sources\Nospread.cpp">
      <Filter>Sources</Filter>
    </ClCompile>
    <ClCompile Include="Sources\KillSpam.cpp">
      <Filter>Sources</Filter>
    </ClCompile>
    <ClCompile Include="Sources\ImGUI\imgui_impl_win32.cpp">
      <Filter>Sources\ImGui</Filter>
    </ClCompile>
    <ClCompile Include="Sources\ImGUI\imgui_stdlib.cpp">
      <Filter>Sources\ImGui</Filter>
    </ClCompile>
    <ClCompile Include="Sources\ImGUI\imgui_widgets.cpp">
      <Filter>Sources\ImGui</Filter>
    </ClCompile>
    <ClCompile Include="Sources\Host.cpp">
      <Filter>Sources</Filter>
    </ClCompile>
    <ClCompile Include="Headers\Bots.cpp">
      <Filter>Sources</Filter>
    </ClCompile>
  </ItemGroup>
</Project>